
Microsoft Visual Studio Solution File, Format Version 12.00
Project("{FAE04EC0-301F-11D3-BF4B-00C04F79EFBC}") = "LiterallyOneNote", "LiterallyOneNote\LiterallyOneNote.csproj", "{0E27D6C0-9CB5-4A89-A35F-0B9BFEE6C20D}"
EndProject
Global
	GlobalSection(SolutionConfigurationPlatforms) = preSolution
		Debug|Any CPU = Debug|Any CPU
		Release|Any CPU = Release|Any CPU
	EndGlobalSection
	GlobalSection(ProjectConfigurationPlatforms) = postSolution
		{0E27D6C0-9CB5-4A89-A35F-0B9BFEE6C20D}.Debug|Any CPU.ActiveCfg = Debug|Any CPU
		{0E27D6C0-9CB5-4A89-A35F-0B9BFEE6C20D}.Debug|Any CPU.Build.0 = Debug|Any CPU
		{0E27D6C0-9CB5-4A89-A35F-0B9BFEE6C20D}.Release|Any CPU.ActiveCfg = Release|Any CPU
		{0E27D6C0-9CB5-4A89-A35F-0B9BFEE6C20D}.Release|Any CPU.Build.0 = Release|Any CPU
	EndGlobalSection
EndGlobal
